
Microsoft Visual Studio Solution File, Format Version 12.00
# Visual Studio Version 17
VisualStudioVersion = 17.4.33110.190
MinimumVisualStudioVersion = 10.0.40219.1
Project("{FAE04EC0-301F-11D3-BF4B-00C04F79EFBC}") = "29-NOV", "29-NOV.csproj", "{D61AB19B-28F8-4E71-8B10-2595BB334056}"
EndProject
Global
	GlobalSection(SolutionConfigurationPlatforms) = preSolution
		Debug|Any CPU = Debug|Any CPU
		Release|Any CPU = Release|Any CPU
	EndGlobalSection
	GlobalSection(ProjectConfigurationPlatforms) = postSolution
		{D61AB19B-28F8-4E71-8B10-2595BB334056}.Debug|Any CPU.ActiveCfg = Debug|Any CPU
		{D61AB19B-28F8-4E71-8B10-2595BB334056}.Debug|Any CPU.Build.0 = Debug|Any CPU
		{D61AB19B-28F8-4E71-8B10-2595BB334056}.Release|Any CPU.ActiveCfg = Release|Any CPU
		{D61AB19B-28F8-4E71-8B10-2595BB334056}.Release|Any CPU.Build.0 = Release|Any CPU
	EndGlobalSection
	GlobalSection(SolutionProperties) = preSolution
		HideSolutionNode = FALSE
	EndGlobalSection
	GlobalSection(ExtensibilityGlobals) = postSolution
		SolutionGuid = {63A2C73F-044A-4CF8-807D-4A4E88370C33}
	EndGlobalSection
EndGlobal
